// !$*UTF8*$!
{
	archiveVersion = 1;
	classes = {
	};
	objectVersion = 55;
	objects = {

/* Begin PBXBuildFile section */
		2B9DF7EDDE57DDB509B1DB92 /* libPods-MoviesAppSnapshotTests.a in Frameworks */ = {isa = PBXBuildFile; fileRef = 3BEB48A555EEAD7602A69337 /* libPods-MoviesAppSnapshotTests.a */; };
		45D2EF552A39338CA3B93BD9 /* Pods_MoviesAppTests.framework in Frameworks */ = {isa = PBXBuildFile; fileRef = A51454BF590FB15E46821D58 /* Pods_MoviesAppTests.framework */; };
		8A5934DA08C077B82E5850A5 /* Pods_MoviesApp.framework in Frameworks */ = {isa = PBXBuildFile; fileRef = B3E75FFD48518C99184FA269 /* Pods_MoviesApp.framework */; };
		CE03D07F28F8569500FD66E9 /* MoviesRepositoryProtocol.swift in Sources */ = {isa = PBXBuildFile; fileRef = CE03D07E28F8569500FD66E9 /* MoviesRepositoryProtocol.swift */; };
		CE03D08328F8574100FD66E9 /* MockMoviesRepository.swift in Sources */ = {isa = PBXBuildFile; fileRef = CE03D08228F8574100FD66E9 /* MockMoviesRepository.swift */; };
		CE056CDC28EE4B2E00598603 /* AppDelegate.swift in Sources */ = {isa = PBXBuildFile; fileRef = CE056CDB28EE4B2E00598603 /* AppDelegate.swift */; };
		CE056CDE28EE4B2E00598603 /* SceneDelegate.swift in Sources */ = {isa = PBXBuildFile; fileRef = CE056CDD28EE4B2E00598603 /* SceneDelegate.swift */; };
		CE056CE528EE4B3400598603 /* Assets.xcassets in Resources */ = {isa = PBXBuildFile; fileRef = CE056CE428EE4B3400598603 /* Assets.xcassets */; };
		CE056CE828EE4B3400598603 /* LaunchScreen.storyboard in Resources */ = {isa = PBXBuildFile; fileRef = CE056CE628EE4B3400598603 /* LaunchScreen.storyboard */; };
		CE0BDAF628F703B300BF24EA /* MoviesRemoteDataSource.swift in Sources */ = {isa = PBXBuildFile; fileRef = CE0BDAF528F703B300BF24EA /* MoviesRemoteDataSource.swift */; };
		CE0BDAF928F703CE00BF24EA /* MoviesCacheDataSource.swift in Sources */ = {isa = PBXBuildFile; fileRef = CE0BDAF828F703CE00BF24EA /* MoviesCacheDataSource.swift */; };
		CE0BDAFB28F703E900BF24EA /* MoviesRepository.swift in Sources */ = {isa = PBXBuildFile; fileRef = CE0BDAFA28F703E900BF24EA /* MoviesRepository.swift */; };
		CE19DCA2292674A7002067B3 /* LoginViewController.swift in Sources */ = {isa = PBXBuildFile; fileRef = CE19DCA0292674A7002067B3 /* LoginViewController.swift */; };
		CE19DCA3292674A7002067B3 /* LoginViewController.xib in Resources */ = {isa = PBXBuildFile; fileRef = CE19DCA1292674A7002067B3 /* LoginViewController.xib */; };
		CE1EF46928F9AA56004D3024 /* NetworkService.swift in Sources */ = {isa = PBXBuildFile; fileRef = CE1EF46828F9AA56004D3024 /* NetworkService.swift */; };
		CE24DD93291D385F0004310A /* MockGetMoviesUseCase.swift in Sources */ = {isa = PBXBuildFile; fileRef = CE24DD92291D385F0004310A /* MockGetMoviesUseCase.swift */; };
		CE24DD97291D3F0C0004310A /* GetMoviesUseCaseTest.swift in Sources */ = {isa = PBXBuildFile; fileRef = CE24DD96291D3F0C0004310A /* GetMoviesUseCaseTest.swift */; };
		CE24DD99291D4ACF0004310A /* MockUserRepository.swift in Sources */ = {isa = PBXBuildFile; fileRef = CE24DD98291D4ACF0004310A /* MockUserRepository.swift */; };
		CE5142EA292FB6FD0035502B /* MoviesRepositoryTests.swift in Sources */ = {isa = PBXBuildFile; fileRef = CE5142E9292FB6FD0035502B /* MoviesRepositoryTests.swift */; };
		CE5142EC292FBAF90035502B /* MockMoviesRemoteDataSource.swift in Sources */ = {isa = PBXBuildFile; fileRef = CE5142EB292FBAF90035502B /* MockMoviesRemoteDataSource.swift */; };
		CE77174228F4D97D007A5FC2 /* MoviesListViewController.swift in Sources */ = {isa = PBXBuildFile; fileRef = CE77174028F4D97D007A5FC2 /* MoviesListViewController.swift */; };
		CE77174328F4D97D007A5FC2 /* MoviesListViewController.xib in Resources */ = {isa = PBXBuildFile; fileRef = CE77174128F4D97D007A5FC2 /* MoviesListViewController.xib */; };
		CE77174528F4DED3007A5FC2 /* NibLoadable.swift in Sources */ = {isa = PBXBuildFile; fileRef = CE77174428F4DED2007A5FC2 /* NibLoadable.swift */; };
		CE77174C28F4E0BE007A5FC2 /* MoviesItemTableViewCell.swift in Sources */ = {isa = PBXBuildFile; fileRef = CE77174A28F4E0BE007A5FC2 /* MoviesItemTableViewCell.swift */; };
		CE77174D28F4E0BE007A5FC2 /* MoviesItemTableViewCell.xib in Resources */ = {isa = PBXBuildFile; fileRef = CE77174B28F4E0BE007A5FC2 /* MoviesItemTableViewCell.xib */; };
		CE811A08292BB95500898B9D /* LoginViewModel.swift in Sources */ = {isa = PBXBuildFile; fileRef = CE811A07292BB95500898B9D /* LoginViewModel.swift */; };
		CE811A0A292BBBBD00898B9D /* SaveUserUseCase.swift in Sources */ = {isa = PBXBuildFile; fileRef = CE811A09292BBBBD00898B9D /* SaveUserUseCase.swift */; };
		CE811A0C292BC71500898B9D /* LoginViewModelTests.swift in Sources */ = {isa = PBXBuildFile; fileRef = CE811A0B292BC71500898B9D /* LoginViewModelTests.swift */; };
		CE811A0E292BC7C800898B9D /* MockSaveUserUseCase.swift in Sources */ = {isa = PBXBuildFile; fileRef = CE811A0D292BC7C800898B9D /* MockSaveUserUseCase.swift */; };
		CE88B89529362A900024C79C /* MoviesAppSnapshotTests.swift in Sources */ = {isa = PBXBuildFile; fileRef = CE88B89429362A900024C79C /* MoviesAppSnapshotTests.swift */; };
		CEAC7849292D128E00EB3D16 /* UserRepositoryTest.swift in Sources */ = {isa = PBXBuildFile; fileRef = CEAC7848292D128E00EB3D16 /* UserRepositoryTest.swift */; };
		CEAC784B292D13DE00EB3D16 /* UserCacheDataSource.swift in Sources */ = {isa = PBXBuildFile; fileRef = CEAC784A292D13DE00EB3D16 /* UserCacheDataSource.swift */; };
		CEAC784D292D154800EB3D16 /* MockUserCacheDataSource.swift in Sources */ = {isa = PBXBuildFile; fileRef = CEAC784C292D154800EB3D16 /* MockUserCacheDataSource.swift */; };
		CEAD2DE0292FA712005B0403 /* MoviesCacheDataSourceTests.swift in Sources */ = {isa = PBXBuildFile; fileRef = CEAD2DDF292FA712005B0403 /* MoviesCacheDataSourceTests.swift */; };
		CEADE48129155252007E4862 /* NetworkServiceTests.swift in Sources */ = {isa = PBXBuildFile; fileRef = CEADE48029155252007E4862 /* NetworkServiceTests.swift */; };
		CEAE83C0291BEFCA0005DB3A /* User.swift in Sources */ = {isa = PBXBuildFile; fileRef = CEAE83BF291BEFCA0005DB3A /* User.swift */; };
		CEAE83C2291BF0B40005DB3A /* UserRepository.swift in Sources */ = {isa = PBXBuildFile; fileRef = CEAE83C1291BF0B40005DB3A /* UserRepository.swift */; };
		CEAE83C5291BF7650005DB3A /* GetMoviesUseCases.swift in Sources */ = {isa = PBXBuildFile; fileRef = CEAE83C4291BF7650005DB3A /* GetMoviesUseCases.swift */; };
		CEAF8D4C2934EAE800870CBB /* MockMoviesCacheDataSource.swift in Sources */ = {isa = PBXBuildFile; fileRef = CEAF8D4B2934EAE800870CBB /* MockMoviesCacheDataSource.swift */; };
		CEB1BD0B29018EFD00602937 /* LoadingScreen.swift in Sources */ = {isa = PBXBuildFile; fileRef = CEB1BD0A29018EFD00602937 /* LoadingScreen.swift */; };
		CED06A1A28F632F700F73255 /* Movie.swift in Sources */ = {isa = PBXBuildFile; fileRef = CED06A1928F632F700F73255 /* Movie.swift */; };
		CED06A1C28F6380200F73255 /* MoviesListViewModel.swift in Sources */ = {isa = PBXBuildFile; fileRef = CED06A1B28F6380200F73255 /* MoviesListViewModel.swift */; };
		CED06A1E28F63C9800F73255 /* Observable.swift in Sources */ = {isa = PBXBuildFile; fileRef = CED06A1D28F63C9800F73255 /* Observable.swift */; };
		CED11CBD28F85D73002690F9 /* MoviesListViewModelTests.swift in Sources */ = {isa = PBXBuildFile; fileRef = CED11CBC28F85D73002690F9 /* MoviesListViewModelTests.swift */; };
		CED23AB329082DD600245CD8 /* AppConfigurations.swift in Sources */ = {isa = PBXBuildFile; fileRef = CED23AB229082DD600245CD8 /* AppConfigurations.swift */; };
		CED23AB529082F8700245CD8 /* Endpoints.swift in Sources */ = {isa = PBXBuildFile; fileRef = CED23AB429082F8700245CD8 /* Endpoints.swift */; };
		CEDCD96328FEE3DB0097BAC5 /* String+Extensions.swift in Sources */ = {isa = PBXBuildFile; fileRef = CEDCD96228FEE3DB0097BAC5 /* String+Extensions.swift */; };
		CEE310D12902D5EF00C9164F /* ErrorLogger.swift in Sources */ = {isa = PBXBuildFile; fileRef = CEE310D02902D5EE00C9164F /* ErrorLogger.swift */; };
		CEE310D32902D66F00C9164F /* NetworkError.swift in Sources */ = {isa = PBXBuildFile; fileRef = CEE310D22902D66F00C9164F /* NetworkError.swift */; };
		CEE310D529030CF000C9164F /* EmptyStateView.swift in Sources */ = {isa = PBXBuildFile; fileRef = CEE310D429030CF000C9164F /* EmptyStateView.swift */; };
		CEE310D729030D4F00C9164F /* EmptyStateView.xib in Resources */ = {isa = PBXBuildFile; fileRef = CEE310D629030D4F00C9164F /* EmptyStateView.xib */; };
		CEE310D9290316D200C9164F /* EmptyStateDisplayable.swift in Sources */ = {isa = PBXBuildFile; fileRef = CEE310D8290316D200C9164F /* EmptyStateDisplayable.swift */; };
		CEE99A6D28FD7FF5001A3497 /* MovieResponse.swift in Sources */ = {isa = PBXBuildFile; fileRef = CEE99A6C28FD7FF5001A3497 /* MovieResponse.swift */; };
		CEEDAB942906D26A003540DE /* Localizable.strings in Resources */ = {isa = PBXBuildFile; fileRef = CEEDAB962906D26A003540DE /* Localizable.strings */; };
/* End PBXBuildFile section */

/* Begin PBXContainerItemProxy section */
		CE056CEF28EE4B3400598603 /* PBXContainerItemProxy */ = {
			isa = PBXContainerItemProxy;
			containerPortal = CE056CD028EE4B2D00598603 /* Project object */;
			proxyType = 1;
			remoteGlobalIDString = CE056CD728EE4B2D00598603;
			remoteInfo = MoviesApp;
		};
		CE88B89629362A900024C79C /* PBXContainerItemProxy */ = {
			isa = PBXContainerItemProxy;
			containerPortal = CE056CD028EE4B2D00598603 /* Project object */;
			proxyType = 1;
			remoteGlobalIDString = CE056CD728EE4B2D00598603;
			remoteInfo = MoviesApp;
		};
/* End PBXContainerItemProxy section */

/* Begin PBXFileReference section */
		15D55101A25DE4F029132E36 /* Pods-MoviesAppTests.release.xcconfig */ = {isa = PBXFileReference; includeInIndex = 1; lastKnownFileType = text.xcconfig; name = "Pods-MoviesAppTests.release.xcconfig"; path = "Target Support Files/Pods-MoviesAppTests/Pods-MoviesAppTests.release.xcconfig"; sourceTree = "<group>"; };
		18DE4448FED90A20326A2434 /* Pods-MoviesApp.release.xcconfig */ = {isa = PBXFileReference; includeInIndex = 1; lastKnownFileType = text.xcconfig; name = "Pods-MoviesApp.release.xcconfig"; path = "Target Support Files/Pods-MoviesApp/Pods-MoviesApp.release.xcconfig"; sourceTree = "<group>"; };
		3BEB48A555EEAD7602A69337 /* libPods-MoviesAppSnapshotTests.a */ = {isa = PBXFileReference; explicitFileType = archive.ar; includeInIndex = 0; path = "libPods-MoviesAppSnapshotTests.a"; sourceTree = BUILT_PRODUCTS_DIR; };
		4B30A4F6884AEBC681761437 /* Pods-MoviesAppSnapshotTests.release.xcconfig */ = {isa = PBXFileReference; includeInIndex = 1; lastKnownFileType = text.xcconfig; name = "Pods-MoviesAppSnapshotTests.release.xcconfig"; path = "Target Support Files/Pods-MoviesAppSnapshotTests/Pods-MoviesAppSnapshotTests.release.xcconfig"; sourceTree = "<group>"; };
		5E98203B9DAC0C99ABA69DFD /* Pods-MoviesAppTests.debug.xcconfig */ = {isa = PBXFileReference; includeInIndex = 1; lastKnownFileType = text.xcconfig; name = "Pods-MoviesAppTests.debug.xcconfig"; path = "Target Support Files/Pods-MoviesAppTests/Pods-MoviesAppTests.debug.xcconfig"; sourceTree = "<group>"; };
		A043E1D3F577B1FE33BDB697 /* Pods-MoviesApp.debug.xcconfig */ = {isa = PBXFileReference; includeInIndex = 1; lastKnownFileType = text.xcconfig; name = "Pods-MoviesApp.debug.xcconfig"; path = "Target Support Files/Pods-MoviesApp/Pods-MoviesApp.debug.xcconfig"; sourceTree = "<group>"; };
		A51454BF590FB15E46821D58 /* Pods_MoviesAppTests.framework */ = {isa = PBXFileReference; explicitFileType = wrapper.framework; includeInIndex = 0; path = Pods_MoviesAppTests.framework; sourceTree = BUILT_PRODUCTS_DIR; };
		A7BC11C1C46005B953E78A93 /* Pods-MoviesAppSnapshotTests.debug.xcconfig */ = {isa = PBXFileReference; includeInIndex = 1; lastKnownFileType = text.xcconfig; name = "Pods-MoviesAppSnapshotTests.debug.xcconfig"; path = "Target Support Files/Pods-MoviesAppSnapshotTests/Pods-MoviesAppSnapshotTests.debug.xcconfig"; sourceTree = "<group>"; };
		B3E75FFD48518C99184FA269 /* Pods_MoviesApp.framework */ = {isa = PBXFileReference; explicitFileType = wrapper.framework; includeInIndex = 0; path = Pods_MoviesApp.framework; sourceTree = BUILT_PRODUCTS_DIR; };
		CE03D07E28F8569500FD66E9 /* MoviesRepositoryProtocol.swift */ = {isa = PBXFileReference; lastKnownFileType = sourcecode.swift; path = MoviesRepositoryProtocol.swift; sourceTree = "<group>"; };
		CE03D08228F8574100FD66E9 /* MockMoviesRepository.swift */ = {isa = PBXFileReference; lastKnownFileType = sourcecode.swift; path = MockMoviesRepository.swift; sourceTree = "<group>"; };
		CE056CDB28EE4B2E00598603 /* AppDelegate.swift */ = {isa = PBXFileReference; lastKnownFileType = sourcecode.swift; path = AppDelegate.swift; sourceTree = "<group>"; };
		CE056CDD28EE4B2E00598603 /* SceneDelegate.swift */ = {isa = PBXFileReference; lastKnownFileType = sourcecode.swift; path = SceneDelegate.swift; sourceTree = "<group>"; };
		CE056CE428EE4B3400598603 /* Assets.xcassets */ = {isa = PBXFileReference; lastKnownFileType = folder.assetcatalog; path = Assets.xcassets; sourceTree = "<group>"; };
		CE056CE728EE4B3400598603 /* Base */ = {isa = PBXFileReference; lastKnownFileType = file.storyboard; name = Base; path = Base.lproj/LaunchScreen.storyboard; sourceTree = "<group>"; };
		CE056CE928EE4B3400598603 /* Info.plist */ = {isa = PBXFileReference; lastKnownFileType = text.plist.xml; path = Info.plist; sourceTree = "<group>"; };
		CE0BDAF528F703B300BF24EA /* MoviesRemoteDataSource.swift */ = {isa = PBXFileReference; lastKnownFileType = sourcecode.swift; path = MoviesRemoteDataSource.swift; sourceTree = "<group>"; };
		CE0BDAF828F703CE00BF24EA /* MoviesCacheDataSource.swift */ = {isa = PBXFileReference; lastKnownFileType = sourcecode.swift; path = MoviesCacheDataSource.swift; sourceTree = "<group>"; };
		CE0BDAFA28F703E900BF24EA /* MoviesRepository.swift */ = {isa = PBXFileReference; lastKnownFileType = sourcecode.swift; path = MoviesRepository.swift; sourceTree = "<group>"; };
		CE19DCA0292674A7002067B3 /* LoginViewController.swift */ = {isa = PBXFileReference; lastKnownFileType = sourcecode.swift; path = LoginViewController.swift; sourceTree = "<group>"; };
		CE19DCA1292674A7002067B3 /* LoginViewController.xib */ = {isa = PBXFileReference; lastKnownFileType = file.xib; path = LoginViewController.xib; sourceTree = "<group>"; };
		CE1EF46828F9AA56004D3024 /* NetworkService.swift */ = {isa = PBXFileReference; lastKnownFileType = sourcecode.swift; path = NetworkService.swift; sourceTree = "<group>"; };
		CE24DD92291D385F0004310A /* MockGetMoviesUseCase.swift */ = {isa = PBXFileReference; lastKnownFileType = sourcecode.swift; path = MockGetMoviesUseCase.swift; sourceTree = "<group>"; };
		CE24DD96291D3F0C0004310A /* GetMoviesUseCaseTest.swift */ = {isa = PBXFileReference; lastKnownFileType = sourcecode.swift; path = GetMoviesUseCaseTest.swift; sourceTree = "<group>"; };
		CE24DD98291D4ACF0004310A /* MockUserRepository.swift */ = {isa = PBXFileReference; lastKnownFileType = sourcecode.swift; path = MockUserRepository.swift; sourceTree = "<group>"; };
		CE5142E9292FB6FD0035502B /* MoviesRepositoryTests.swift */ = {isa = PBXFileReference; lastKnownFileType = sourcecode.swift; path = MoviesRepositoryTests.swift; sourceTree = "<group>"; };
		CE5142EB292FBAF90035502B /* MockMoviesRemoteDataSource.swift */ = {isa = PBXFileReference; lastKnownFileType = sourcecode.swift; path = MockMoviesRemoteDataSource.swift; sourceTree = "<group>"; };
		CE77174028F4D97D007A5FC2 /* MoviesListViewController.swift */ = {isa = PBXFileReference; lastKnownFileType = sourcecode.swift; path = MoviesListViewController.swift; sourceTree = "<group>"; };
		CE77174128F4D97D007A5FC2 /* MoviesListViewController.xib */ = {isa = PBXFileReference; lastKnownFileType = file.xib; path = MoviesListViewController.xib; sourceTree = "<group>"; };
		CE77174428F4DED2007A5FC2 /* NibLoadable.swift */ = {isa = PBXFileReference; fileEncoding = 4; lastKnownFileType = sourcecode.swift; path = NibLoadable.swift; sourceTree = "<group>"; };
		CE77174A28F4E0BE007A5FC2 /* MoviesItemTableViewCell.swift */ = {isa = PBXFileReference; lastKnownFileType = sourcecode.swift; path = MoviesItemTableViewCell.swift; sourceTree = "<group>"; };
		CE77174B28F4E0BE007A5FC2 /* MoviesItemTableViewCell.xib */ = {isa = PBXFileReference; lastKnownFileType = file.xib; path = MoviesItemTableViewCell.xib; sourceTree = "<group>"; };
		CE811A07292BB95500898B9D /* LoginViewModel.swift */ = {isa = PBXFileReference; lastKnownFileType = sourcecode.swift; path = LoginViewModel.swift; sourceTree = "<group>"; };
		CE811A09292BBBBD00898B9D /* SaveUserUseCase.swift */ = {isa = PBXFileReference; lastKnownFileType = sourcecode.swift; path = SaveUserUseCase.swift; sourceTree = "<group>"; };
		CE811A0B292BC71500898B9D /* LoginViewModelTests.swift */ = {isa = PBXFileReference; lastKnownFileType = sourcecode.swift; path = LoginViewModelTests.swift; sourceTree = "<group>"; };
		CE811A0D292BC7C800898B9D /* MockSaveUserUseCase.swift */ = {isa = PBXFileReference; lastKnownFileType = sourcecode.swift; path = MockSaveUserUseCase.swift; sourceTree = "<group>"; };
		CE88B89229362A900024C79C /* MoviesAppSnapshotTests.xctest */ = {isa = PBXFileReference; explicitFileType = wrapper.cfbundle; includeInIndex = 0; path = MoviesAppSnapshotTests.xctest; sourceTree = BUILT_PRODUCTS_DIR; };
		CE88B89429362A900024C79C /* MoviesAppSnapshotTests.swift */ = {isa = PBXFileReference; lastKnownFileType = sourcecode.swift; path = MoviesAppSnapshotTests.swift; sourceTree = "<group>"; };
		CEAC7848292D128E00EB3D16 /* UserRepositoryTest.swift */ = {isa = PBXFileReference; lastKnownFileType = sourcecode.swift; path = UserRepositoryTest.swift; sourceTree = "<group>"; };
		CEAC784A292D13DE00EB3D16 /* UserCacheDataSource.swift */ = {isa = PBXFileReference; lastKnownFileType = sourcecode.swift; path = UserCacheDataSource.swift; sourceTree = "<group>"; };
		CEAC784C292D154800EB3D16 /* MockUserCacheDataSource.swift */ = {isa = PBXFileReference; lastKnownFileType = sourcecode.swift; path = MockUserCacheDataSource.swift; sourceTree = "<group>"; };
		CEAD2DDF292FA712005B0403 /* MoviesCacheDataSourceTests.swift */ = {isa = PBXFileReference; lastKnownFileType = sourcecode.swift; path = MoviesCacheDataSourceTests.swift; sourceTree = "<group>"; };
		CEADE48029155252007E4862 /* NetworkServiceTests.swift */ = {isa = PBXFileReference; lastKnownFileType = sourcecode.swift; path = NetworkServiceTests.swift; sourceTree = "<group>"; };
		CEAE83BF291BEFCA0005DB3A /* User.swift */ = {isa = PBXFileReference; lastKnownFileType = sourcecode.swift; path = User.swift; sourceTree = "<group>"; };
		CEAE83C1291BF0B40005DB3A /* UserRepository.swift */ = {isa = PBXFileReference; lastKnownFileType = sourcecode.swift; path = UserRepository.swift; sourceTree = "<group>"; };
		CEAE83C4291BF7650005DB3A /* GetMoviesUseCases.swift */ = {isa = PBXFileReference; lastKnownFileType = sourcecode.swift; path = GetMoviesUseCases.swift; sourceTree = "<group>"; };
		CEAF8D4B2934EAE800870CBB /* MockMoviesCacheDataSource.swift */ = {isa = PBXFileReference; lastKnownFileType = sourcecode.swift; path = MockMoviesCacheDataSource.swift; sourceTree = "<group>"; };
		CEB1BD0829018D3200602937 /* MoviesApp.app */ = {isa = PBXFileReference; explicitFileType = wrapper.application; includeInIndex = 0; path = MoviesApp.app; sourceTree = BUILT_PRODUCTS_DIR; };
		CEB1BD0929018D3200602937 /* MoviesAppTests.xctest */ = {isa = PBXFileReference; explicitFileType = wrapper.cfbundle; includeInIndex = 0; path = MoviesAppTests.xctest; sourceTree = BUILT_PRODUCTS_DIR; };
		CEB1BD0A29018EFD00602937 /* LoadingScreen.swift */ = {isa = PBXFileReference; lastKnownFileType = sourcecode.swift; path = LoadingScreen.swift; sourceTree = "<group>"; };
		CED06A1928F632F700F73255 /* Movie.swift */ = {isa = PBXFileReference; lastKnownFileType = sourcecode.swift; path = Movie.swift; sourceTree = "<group>"; };
		CED06A1B28F6380200F73255 /* MoviesListViewModel.swift */ = {isa = PBXFileReference; lastKnownFileType = sourcecode.swift; path = MoviesListViewModel.swift; sourceTree = "<group>"; };
		CED06A1D28F63C9800F73255 /* Observable.swift */ = {isa = PBXFileReference; lastKnownFileType = sourcecode.swift; path = Observable.swift; sourceTree = "<group>"; };
		CED11CBC28F85D73002690F9 /* MoviesListViewModelTests.swift */ = {isa = PBXFileReference; lastKnownFileType = sourcecode.swift; path = MoviesListViewModelTests.swift; sourceTree = "<group>"; };
		CED23AB229082DD600245CD8 /* AppConfigurations.swift */ = {isa = PBXFileReference; lastKnownFileType = sourcecode.swift; path = AppConfigurations.swift; sourceTree = "<group>"; };
		CED23AB429082F8700245CD8 /* Endpoints.swift */ = {isa = PBXFileReference; lastKnownFileType = sourcecode.swift; path = Endpoints.swift; sourceTree = "<group>"; };
		CEDCD96228FEE3DB0097BAC5 /* String+Extensions.swift */ = {isa = PBXFileReference; lastKnownFileType = sourcecode.swift; path = "String+Extensions.swift"; sourceTree = "<group>"; };
		CEE310D02902D5EE00C9164F /* ErrorLogger.swift */ = {isa = PBXFileReference; lastKnownFileType = sourcecode.swift; path = ErrorLogger.swift; sourceTree = "<group>"; };
		CEE310D22902D66F00C9164F /* NetworkError.swift */ = {isa = PBXFileReference; lastKnownFileType = sourcecode.swift; path = NetworkError.swift; sourceTree = "<group>"; };
		CEE310D429030CF000C9164F /* EmptyStateView.swift */ = {isa = PBXFileReference; lastKnownFileType = sourcecode.swift; path = EmptyStateView.swift; sourceTree = "<group>"; };
		CEE310D629030D4F00C9164F /* EmptyStateView.xib */ = {isa = PBXFileReference; lastKnownFileType = file.xib; path = EmptyStateView.xib; sourceTree = "<group>"; };
		CEE310D8290316D200C9164F /* EmptyStateDisplayable.swift */ = {isa = PBXFileReference; lastKnownFileType = sourcecode.swift; path = EmptyStateDisplayable.swift; sourceTree = "<group>"; };
		CEE99A6C28FD7FF5001A3497 /* MovieResponse.swift */ = {isa = PBXFileReference; lastKnownFileType = sourcecode.swift; path = MovieResponse.swift; sourceTree = "<group>"; };
		CEEDAB932906D241003540DE /* pt-BR */ = {isa = PBXFileReference; lastKnownFileType = text.plist.strings; name = "pt-BR"; path = "pt-BR.lproj/LaunchScreen.strings"; sourceTree = "<group>"; };
		CEEDAB952906D26A003540DE /* en */ = {isa = PBXFileReference; lastKnownFileType = text.plist.strings; name = en; path = en.lproj/Localizable.strings; sourceTree = "<group>"; };
		CEEDAB972906D270003540DE /* pt-BR */ = {isa = PBXFileReference; lastKnownFileType = text.plist.strings; name = "pt-BR"; path = "pt-BR.lproj/Localizable.strings"; sourceTree = "<group>"; };
/* End PBXFileReference section */

/* Begin PBXFrameworksBuildPhase section */
		CE056CD528EE4B2D00598603 /* Frameworks */ = {
			isa = PBXFrameworksBuildPhase;
			buildActionMask = 2147483647;
			files = (
				8A5934DA08C077B82E5850A5 /* Pods_MoviesApp.framework in Frameworks */,
			);
			runOnlyForDeploymentPostprocessing = 0;
		};
		CE056CEB28EE4B3400598603 /* Frameworks */ = {
			isa = PBXFrameworksBuildPhase;
			buildActionMask = 2147483647;
			files = (
				45D2EF552A39338CA3B93BD9 /* Pods_MoviesAppTests.framework in Frameworks */,
			);
			runOnlyForDeploymentPostprocessing = 0;
		};
		CE88B88F29362A900024C79C /* Frameworks */ = {
			isa = PBXFrameworksBuildPhase;
			buildActionMask = 2147483647;
			files = (
				2B9DF7EDDE57DDB509B1DB92 /* libPods-MoviesAppSnapshotTests.a in Frameworks */,
			);
			runOnlyForDeploymentPostprocessing = 0;
		};
/* End PBXFrameworksBuildPhase section */

/* Begin PBXGroup section */
		514C70DBD031C53C58A8CED5 /* Pods */ = {
			isa = PBXGroup;
			children = (
				A043E1D3F577B1FE33BDB697 /* Pods-MoviesApp.debug.xcconfig */,
				18DE4448FED90A20326A2434 /* Pods-MoviesApp.release.xcconfig */,
				5E98203B9DAC0C99ABA69DFD /* Pods-MoviesAppTests.debug.xcconfig */,
				15D55101A25DE4F029132E36 /* Pods-MoviesAppTests.release.xcconfig */,
				A7BC11C1C46005B953E78A93 /* Pods-MoviesAppSnapshotTests.debug.xcconfig */,
				4B30A4F6884AEBC681761437 /* Pods-MoviesAppSnapshotTests.release.xcconfig */,
			);
			path = Pods;
			sourceTree = "<group>";
		};
		700ACB00BB4D362565680EDA /* Frameworks */ = {
			isa = PBXGroup;
			children = (
				B3E75FFD48518C99184FA269 /* Pods_MoviesApp.framework */,
				A51454BF590FB15E46821D58 /* Pods_MoviesAppTests.framework */,
				3BEB48A555EEAD7602A69337 /* libPods-MoviesAppSnapshotTests.a */,
			);
			name = Frameworks;
			sourceTree = "<group>";
		};
		CE03D07D28F8565400FD66E9 /* Repositories */ = {
			isa = PBXGroup;
			children = (
				CE03D07E28F8569500FD66E9 /* MoviesRepositoryProtocol.swift */,
			);
			path = Repositories;
			sourceTree = "<group>";
		};
		CE03D08028F8571200FD66E9 /* Mocks */ = {
			isa = PBXGroup;
			children = (
				CE03D08228F8574100FD66E9 /* MockMoviesRepository.swift */,
				CE24DD92291D385F0004310A /* MockGetMoviesUseCase.swift */,
				CE24DD98291D4ACF0004310A /* MockUserRepository.swift */,
				CE811A0D292BC7C800898B9D /* MockSaveUserUseCase.swift */,
				CEAC784C292D154800EB3D16 /* MockUserCacheDataSource.swift */,
				CE5142EB292FBAF90035502B /* MockMoviesRemoteDataSource.swift */,
				CEAF8D4B2934EAE800870CBB /* MockMoviesCacheDataSource.swift */,
			);
			path = Mocks;
			sourceTree = "<group>";
		};
		CE056CCF28EE4B2D00598603 = {
			isa = PBXGroup;
			children = (
				CE056CDA28EE4B2E00598603 /* MoviesApp */,
				CE056CF128EE4B3400598603 /* MoviesAppTests */,
				514C70DBD031C53C58A8CED5 /* Pods */,
				CE88B89329362A900024C79C /* MoviesAppSnapshotTests */,
				700ACB00BB4D362565680EDA /* Frameworks */,
				CEB1BD0829018D3200602937 /* MoviesApp.app */,
				CEB1BD0929018D3200602937 /* MoviesAppTests.xctest */,
				CE88B89229362A900024C79C /* MoviesAppSnapshotTests.xctest */,
			);
			sourceTree = "<group>";
		};
		CE056CDA28EE4B2E00598603 /* MoviesApp */ = {
			isa = PBXGroup;
			children = (
				CE77173E28F4D793007A5FC2 /* Application */,
				CE0BDAF028F7033F00BF24EA /* Data */,
				CED06A1728F632B700F73255 /* Domain */,
				CE0BDAF128F7034900BF24EA /* Infrastructure */,
				CE77173A28F4D6F1007A5FC2 /* Presentation */,
				CE77173F28F4D7C8007A5FC2 /* Resources */,
			);
			path = MoviesApp;
			sourceTree = "<group>";
		};
		CE056CF128EE4B3400598603 /* MoviesAppTests */ = {
			isa = PBXGroup;
			children = (
				CEAC7847292D123700EB3D16 /* Data */,
				CE24DD94291D3ED30004310A /* Domain */,
				CEADE47D291551EA007E4862 /* Infrastructure */,
				CED11CBA28F85D2B002690F9 /* Presentation */,
				CE03D08028F8571200FD66E9 /* Mocks */,
			);
			path = MoviesAppTests;
			sourceTree = "<group>";
		};
		CE0BDAF028F7033F00BF24EA /* Data */ = {
			isa = PBXGroup;
			children = (
				CE0BDAF428F7038500BF24EA /* DataSources */,
				CE0BDAF328F7036500BF24EA /* Repositories */,
			);
			path = Data;
			sourceTree = "<group>";
		};
		CE0BDAF128F7034900BF24EA /* Infrastructure */ = {
			isa = PBXGroup;
			children = (
				CE1EF46728F9AA1B004D3024 /* Networking */,
			);
			path = Infrastructure;
			sourceTree = "<group>";
		};
		CE0BDAF328F7036500BF24EA /* Repositories */ = {
			isa = PBXGroup;
			children = (
				CE0BDAFA28F703E900BF24EA /* MoviesRepository.swift */,
				CEAE83C1291BF0B40005DB3A /* UserRepository.swift */,
			);
			path = Repositories;
			sourceTree = "<group>";
		};
		CE0BDAF428F7038500BF24EA /* DataSources */ = {
			isa = PBXGroup;
			children = (
				CE0BDAF528F703B300BF24EA /* MoviesRemoteDataSource.swift */,
				CE0BDAF828F703CE00BF24EA /* MoviesCacheDataSource.swift */,
				CEAC784A292D13DE00EB3D16 /* UserCacheDataSource.swift */,
			);
			path = DataSources;
			sourceTree = "<group>";
		};
		CE19DC9F2926746B002067B3 /* Login */ = {
			isa = PBXGroup;
			children = (
				CE19DCA0292674A7002067B3 /* LoginViewController.swift */,
				CE19DCA1292674A7002067B3 /* LoginViewController.xib */,
				CE811A07292BB95500898B9D /* LoginViewModel.swift */,
			);
			path = Login;
			sourceTree = "<group>";
		};
		CE1EF46728F9AA1B004D3024 /* Networking */ = {
			isa = PBXGroup;
			children = (
				CEE99A6B28FD7FD5001A3497 /* Model */,
				CE1EF46828F9AA56004D3024 /* NetworkService.swift */,
				CEE310D02902D5EE00C9164F /* ErrorLogger.swift */,
				CEE310D22902D66F00C9164F /* NetworkError.swift */,
				CED23AB429082F8700245CD8 /* Endpoints.swift */,
			);
			path = Networking;
			sourceTree = "<group>";
		};
		CE24DD94291D3ED30004310A /* Domain */ = {
			isa = PBXGroup;
			children = (
				CE24DD96291D3F0C0004310A /* GetMoviesUseCaseTest.swift */,
			);
			path = Domain;
			sourceTree = "<group>";
		};
		CE77173A28F4D6F1007A5FC2 /* Presentation */ = {
			isa = PBXGroup;
			children = (
				CE77173B28F4D709007A5FC2 /* Scenes */,
				CE77174628F4DEEB007A5FC2 /* Utils */,
			);
			path = Presentation;
			sourceTree = "<group>";
		};
		CE77173B28F4D709007A5FC2 /* Scenes */ = {
			isa = PBXGroup;
			children = (
				CE19DC9F2926746B002067B3 /* Login */,
				CE77173C28F4D723007A5FC2 /* MoviesList */,
			);
			path = Scenes;
			sourceTree = "<group>";
		};
		CE77173C28F4D723007A5FC2 /* MoviesList */ = {
			isa = PBXGroup;
			children = (
				CE77174728F4E06E007A5FC2 /* Cell */,
				CED06A1B28F6380200F73255 /* MoviesListViewModel.swift */,
				CE77174028F4D97D007A5FC2 /* MoviesListViewController.swift */,
				CE77174128F4D97D007A5FC2 /* MoviesListViewController.xib */,
			);
			path = MoviesList;
			sourceTree = "<group>";
		};
		CE77173E28F4D793007A5FC2 /* Application */ = {
			isa = PBXGroup;
			children = (
				CE056CDB28EE4B2E00598603 /* AppDelegate.swift */,
				CE056CDD28EE4B2E00598603 /* SceneDelegate.swift */,
				CED23AB229082DD600245CD8 /* AppConfigurations.swift */,
			);
			path = Application;
			sourceTree = "<group>";
		};
		CE77173F28F4D7C8007A5FC2 /* Resources */ = {
			isa = PBXGroup;
			children = (
				CE056CE628EE4B3400598603 /* LaunchScreen.storyboard */,
				CE056CE428EE4B3400598603 /* Assets.xcassets */,
				CE056CE928EE4B3400598603 /* Info.plist */,
				CEEDAB962906D26A003540DE /* Localizable.strings */,
			);
			path = Resources;
			sourceTree = "<group>";
		};
		CE77174628F4DEEB007A5FC2 /* Utils */ = {
			isa = PBXGroup;
			children = (
				CE77174428F4DED2007A5FC2 /* NibLoadable.swift */,
				CED06A1D28F63C9800F73255 /* Observable.swift */,
				CEDCD96228FEE3DB0097BAC5 /* String+Extensions.swift */,
				CEB1BD0A29018EFD00602937 /* LoadingScreen.swift */,
				CEE310D429030CF000C9164F /* EmptyStateView.swift */,
				CEE310D629030D4F00C9164F /* EmptyStateView.xib */,
				CEE310D8290316D200C9164F /* EmptyStateDisplayable.swift */,
			);
			path = Utils;
			sourceTree = "<group>";
		};
		CE77174728F4E06E007A5FC2 /* Cell */ = {
			isa = PBXGroup;
			children = (
				CE77174A28F4E0BE007A5FC2 /* MoviesItemTableViewCell.swift */,
				CE77174B28F4E0BE007A5FC2 /* MoviesItemTableViewCell.xib */,
			);
			path = Cell;
			sourceTree = "<group>";
		};
		CE88B89329362A900024C79C /* MoviesAppSnapshotTests */ = {
			isa = PBXGroup;
			children = (
				CE88B89429362A900024C79C /* MoviesAppSnapshotTests.swift */,
			);
			path = MoviesAppSnapshotTests;
			sourceTree = "<group>";
		};
		CEAC7847292D123700EB3D16 /* Data */ = {
			isa = PBXGroup;
			children = (
				CEAC7848292D128E00EB3D16 /* UserRepositoryTest.swift */,
				CEAD2DDF292FA712005B0403 /* MoviesCacheDataSourceTests.swift */,
				CE5142E9292FB6FD0035502B /* MoviesRepositoryTests.swift */,
			);
			path = Data;
			sourceTree = "<group>";
		};
		CEADE47D291551EA007E4862 /* Infrastructure */ = {
			isa = PBXGroup;
			children = (
				CEADE48029155252007E4862 /* NetworkServiceTests.swift */,
			);
			path = Infrastructure;
			sourceTree = "<group>";
		};
		CEAE83C3291BF7460005DB3A /* UseCases */ = {
			isa = PBXGroup;
			children = (
				CEAE83C4291BF7650005DB3A /* GetMoviesUseCases.swift */,
				CE811A09292BBBBD00898B9D /* SaveUserUseCase.swift */,
			);
			path = UseCases;
			sourceTree = "<group>";
		};
		CED06A1728F632B700F73255 /* Domain */ = {
			isa = PBXGroup;
			children = (
				CEAE83C3291BF7460005DB3A /* UseCases */,
				CE03D07D28F8565400FD66E9 /* Repositories */,
				CED06A1828F632CC00F73255 /* Model */,
			);
			path = Domain;
			sourceTree = "<group>";
		};
		CED06A1828F632CC00F73255 /* Model */ = {
			isa = PBXGroup;
			children = (
				CED06A1928F632F700F73255 /* Movie.swift */,
				CEAE83BF291BEFCA0005DB3A /* User.swift */,
			);
			path = Model;
			sourceTree = "<group>";
		};
		CED11CBA28F85D2B002690F9 /* Presentation */ = {
			isa = PBXGroup;
			children = (
				CED11CBB28F85D3F002690F9 /* ViewModel */,
			);
			path = Presentation;
			sourceTree = "<group>";
		};
		CED11CBB28F85D3F002690F9 /* ViewModel */ = {
			isa = PBXGroup;
			children = (
				CED11CBC28F85D73002690F9 /* MoviesListViewModelTests.swift */,
				CE811A0B292BC71500898B9D /* LoginViewModelTests.swift */,
			);
			path = ViewModel;
			sourceTree = "<group>";
		};
		CEE99A6B28FD7FD5001A3497 /* Model */ = {
			isa = PBXGroup;
			children = (
				CEE99A6C28FD7FF5001A3497 /* MovieResponse.swift */,
			);
			path = Model;
			sourceTree = "<group>";
		};
/* End PBXGroup section */

/* Begin PBXNativeTarget section */
		CE056CD728EE4B2D00598603 /* MoviesApp */ = {
			isa = PBXNativeTarget;
			buildConfigurationList = CE056D0228EE4B3400598603 /* Build configuration list for PBXNativeTarget "MoviesApp" */;
			buildPhases = (
				156179F1F94BE03719F4A087 /* [CP] Check Pods Manifest.lock */,
				CE056CD428EE4B2D00598603 /* Sources */,
				CE056CD528EE4B2D00598603 /* Frameworks */,
				CE056CD628EE4B2D00598603 /* Resources */,
				86EFE4AA3AE619D70F7164ED /* [CP] Embed Pods Frameworks */,
			);
			buildRules = (
			);
			dependencies = (
			);
			name = MoviesApp;
			productName = MoviesApp;
			productReference = CEB1BD0829018D3200602937 /* MoviesApp.app */;
			productType = "com.apple.product-type.application";
		};
		CE056CED28EE4B3400598603 /* MoviesAppTests */ = {
			isa = PBXNativeTarget;
			buildConfigurationList = CE056D0528EE4B3400598603 /* Build configuration list for PBXNativeTarget "MoviesAppTests" */;
			buildPhases = (
				7506E7A9D10B82F407881FC1 /* [CP] Check Pods Manifest.lock */,
				CE056CEA28EE4B3400598603 /* Sources */,
				CE056CEB28EE4B3400598603 /* Frameworks */,
				CE056CEC28EE4B3400598603 /* Resources */,
				E0E344516E47EF2F5E3802C9 /* [CP] Embed Pods Frameworks */,
			);
			buildRules = (
			);
			dependencies = (
				CE056CF028EE4B3400598603 /* PBXTargetDependency */,
			);
			name = MoviesAppTests;
			productName = MoviesAppTests;
			productReference = CEB1BD0929018D3200602937 /* MoviesAppTests.xctest */;
			productType = "com.apple.product-type.bundle.unit-test";
		};
		CE88B89129362A900024C79C /* MoviesAppSnapshotTests */ = {
			isa = PBXNativeTarget;
			buildConfigurationList = CE88B89A29362A900024C79C /* Build configuration list for PBXNativeTarget "MoviesAppSnapshotTests" */;
			buildPhases = (
				EA541D36D56F1AA383E3CE98 /* [CP] Check Pods Manifest.lock */,
				CE88B88E29362A900024C79C /* Sources */,
				CE88B88F29362A900024C79C /* Frameworks */,
				CE88B89029362A900024C79C /* Resources */,
			);
			buildRules = (
			);
			dependencies = (
				CE88B89729362A900024C79C /* PBXTargetDependency */,
			);
			name = MoviesAppSnapshotTests;
			productName = MoviesAppSnapshotTests;
			productReference = CE88B89229362A900024C79C /* MoviesAppSnapshotTests.xctest */;
			productType = "com.apple.product-type.bundle.unit-test";
		};
/* End PBXNativeTarget section */

/* Begin PBXProject section */
		CE056CD028EE4B2D00598603 /* Project object */ = {
			isa = PBXProject;
			attributes = {
				BuildIndependentTargetsInParallel = 1;
				LastSwiftUpdateCheck = 1320;
				LastUpgradeCheck = 1320;
				TargetAttributes = {
					CE056CD728EE4B2D00598603 = {
						CreatedOnToolsVersion = 13.2.1;
					};
					CE056CED28EE4B3400598603 = {
						CreatedOnToolsVersion = 13.2.1;
						TestTargetID = CE056CD728EE4B2D00598603;
					};
					CE88B89129362A900024C79C = {
						CreatedOnToolsVersion = 13.2.1;
						TestTargetID = CE056CD728EE4B2D00598603;
					};
				};
			};
			buildConfigurationList = CE056CD328EE4B2D00598603 /* Build configuration list for PBXProject "MoviesApp" */;
			compatibilityVersion = "Xcode 13.0";
			developmentRegion = en;
			hasScannedForEncodings = 0;
			knownRegions = (
				en,
				Base,
				"pt-BR",
			);
			mainGroup = CE056CCF28EE4B2D00598603;
			productRefGroup = CE056CCF28EE4B2D00598603;
			projectDirPath = "";
			projectRoot = "";
			targets = (
				CE056CD728EE4B2D00598603 /* MoviesApp */,
				CE056CED28EE4B3400598603 /* MoviesAppTests */,
				CE88B89129362A900024C79C /* MoviesAppSnapshotTests */,
			);
		};
/* End PBXProject section */

/* Begin PBXResourcesBuildPhase section */
		CE056CD628EE4B2D00598603 /* Resources */ = {
			isa = PBXResourcesBuildPhase;
			buildActionMask = 2147483647;
			files = (
				CE056CE828EE4B3400598603 /* LaunchScreen.storyboard in Resources */,
				CEEDAB942906D26A003540DE /* Localizable.strings in Resources */,
				CEE310D729030D4F00C9164F /* EmptyStateView.xib in Resources */,
				CE77174D28F4E0BE007A5FC2 /* MoviesItemTableViewCell.xib in Resources */,
				CE056CE528EE4B3400598603 /* Assets.xcassets in Resources */,
				CE19DCA3292674A7002067B3 /* LoginViewController.xib in Resources */,
				CE77174328F4D97D007A5FC2 /* MoviesListViewController.xib in Resources */,
			);
			runOnlyForDeploymentPostprocessing = 0;
		};
		CE056CEC28EE4B3400598603 /* Resources */ = {
			isa = PBXResourcesBuildPhase;
			buildActionMask = 2147483647;
			files = (
			);
			runOnlyForDeploymentPostprocessing = 0;
		};
		CE88B89029362A900024C79C /* Resources */ = {
			isa = PBXResourcesBuildPhase;
			buildActionMask = 2147483647;
			files = (
			);
			runOnlyForDeploymentPostprocessing = 0;
		};
/* End PBXResourcesBuildPhase section */

/* Begin PBXShellScriptBuildPhase section */
		156179F1F94BE03719F4A087 /* [CP] Check Pods Manifest.lock */ = {
			isa = PBXShellScriptBuildPhase;
			buildActionMask = 2147483647;
			files = (
			);
			inputFileListPaths = (
			);
			inputPaths = (
				"${PODS_PODFILE_DIR_PATH}/Podfile.lock",
				"${PODS_ROOT}/Manifest.lock",
			);
			name = "[CP] Check Pods Manifest.lock";
			outputFileListPaths = (
			);
			outputPaths = (
				"$(DERIVED_FILE_DIR)/Pods-MoviesApp-checkManifestLockResult.txt",
			);
			runOnlyForDeploymentPostprocessing = 0;
			shellPath = /bin/sh;
			shellScript = "diff \"${PODS_PODFILE_DIR_PATH}/Podfile.lock\" \"${PODS_ROOT}/Manifest.lock\" > /dev/null\nif [ $? != 0 ] ; then\n    # print error to STDERR\n    echo \"error: The sandbox is not in sync with the Podfile.lock. Run 'pod install' or update your CocoaPods installation.\" >&2\n    exit 1\nfi\n# This output is used by Xcode 'outputs' to avoid re-running this script phase.\necho \"SUCCESS\" > \"${SCRIPT_OUTPUT_FILE_0}\"\n";
			showEnvVarsInLog = 0;
		};
		7506E7A9D10B82F407881FC1 /* [CP] Check Pods Manifest.lock */ = {
			isa = PBXShellScriptBuildPhase;
			buildActionMask = 2147483647;
			files = (
			);
			inputFileListPaths = (
			);
			inputPaths = (
				"${PODS_PODFILE_DIR_PATH}/Podfile.lock",
				"${PODS_ROOT}/Manifest.lock",
			);
			name = "[CP] Check Pods Manifest.lock";
			outputFileListPaths = (
			);
			outputPaths = (
				"$(DERIVED_FILE_DIR)/Pods-MoviesAppTests-checkManifestLockResult.txt",
			);
			runOnlyForDeploymentPostprocessing = 0;
			shellPath = /bin/sh;
			shellScript = "diff \"${PODS_PODFILE_DIR_PATH}/Podfile.lock\" \"${PODS_ROOT}/Manifest.lock\" > /dev/null\nif [ $? != 0 ] ; then\n    # print error to STDERR\n    echo \"error: The sandbox is not in sync with the Podfile.lock. Run 'pod install' or update your CocoaPods installation.\" >&2\n    exit 1\nfi\n# This output is used by Xcode 'outputs' to avoid re-running this script phase.\necho \"SUCCESS\" > \"${SCRIPT_OUTPUT_FILE_0}\"\n";
			showEnvVarsInLog = 0;
		};
		86EFE4AA3AE619D70F7164ED /* [CP] Embed Pods Frameworks */ = {
			isa = PBXShellScriptBuildPhase;
			buildActionMask = 2147483647;
			files = (
			);
			inputFileListPaths = (
				"${PODS_ROOT}/Target Support Files/Pods-MoviesApp/Pods-MoviesApp-frameworks-${CONFIGURATION}-input-files.xcfilelist",
			);
			name = "[CP] Embed Pods Frameworks";
			outputFileListPaths = (
				"${PODS_ROOT}/Target Support Files/Pods-MoviesApp/Pods-MoviesApp-frameworks-${CONFIGURATION}-output-files.xcfilelist",
			);
			runOnlyForDeploymentPostprocessing = 0;
			shellPath = /bin/sh;
			shellScript = "\"${PODS_ROOT}/Target Support Files/Pods-MoviesApp/Pods-MoviesApp-frameworks.sh\"\n";
			showEnvVarsInLog = 0;
		};
		E0E344516E47EF2F5E3802C9 /* [CP] Embed Pods Frameworks */ = {
			isa = PBXShellScriptBuildPhase;
			buildActionMask = 2147483647;
			files = (
			);
			inputFileListPaths = (
				"${PODS_ROOT}/Target Support Files/Pods-MoviesAppTests/Pods-MoviesAppTests-frameworks-${CONFIGURATION}-input-files.xcfilelist",
			);
			name = "[CP] Embed Pods Frameworks";
			outputFileListPaths = (
				"${PODS_ROOT}/Target Support Files/Pods-MoviesAppTests/Pods-MoviesAppTests-frameworks-${CONFIGURATION}-output-files.xcfilelist",
			);
			runOnlyForDeploymentPostprocessing = 0;
			shellPath = /bin/sh;
			shellScript = "\"${PODS_ROOT}/Target Support Files/Pods-MoviesAppTests/Pods-MoviesAppTests-frameworks.sh\"\n";
			showEnvVarsInLog = 0;
		};
		EA541D36D56F1AA383E3CE98 /* [CP] Check Pods Manifest.lock */ = {
			isa = PBXShellScriptBuildPhase;
			buildActionMask = 2147483647;
			files = (
			);
			inputFileListPaths = (
			);
			inputPaths = (
				"${PODS_PODFILE_DIR_PATH}/Podfile.lock",
				"${PODS_ROOT}/Manifest.lock",
			);
			name = "[CP] Check Pods Manifest.lock";
			outputFileListPaths = (
			);
			outputPaths = (
				"$(DERIVED_FILE_DIR)/Pods-MoviesAppSnapshotTests-checkManifestLockResult.txt",
			);
			runOnlyForDeploymentPostprocessing = 0;
			shellPath = /bin/sh;
			shellScript = "diff \"${PODS_PODFILE_DIR_PATH}/Podfile.lock\" \"${PODS_ROOT}/Manifest.lock\" > /dev/null\nif [ $? != 0 ] ; then\n    # print error to STDERR\n    echo \"error: The sandbox is not in sync with the Podfile.lock. Run 'pod install' or update your CocoaPods installation.\" >&2\n    exit 1\nfi\n# This output is used by Xcode 'outputs' to avoid re-running this script phase.\necho \"SUCCESS\" > \"${SCRIPT_OUTPUT_FILE_0}\"\n";
			showEnvVarsInLog = 0;
		};
/* End PBXShellScriptBuildPhase section */

/* Begin PBXSourcesBuildPhase section */
		CE056CD428EE4B2D00598603 /* Sources */ = {
			isa = PBXSourcesBuildPhase;
			buildActionMask = 2147483647;
			files = (
				CEE310D9290316D200C9164F /* EmptyStateDisplayable.swift in Sources */,
				CED06A1E28F63C9800F73255 /* Observable.swift in Sources */,
				CE0BDAF628F703B300BF24EA /* MoviesRemoteDataSource.swift in Sources */,
				CE03D07F28F8569500FD66E9 /* MoviesRepositoryProtocol.swift in Sources */,
				CE0BDAFB28F703E900BF24EA /* MoviesRepository.swift in Sources */,
				CE0BDAF928F703CE00BF24EA /* MoviesCacheDataSource.swift in Sources */,
				CEE310D529030CF000C9164F /* EmptyStateView.swift in Sources */,
				CE056CDC28EE4B2E00598603 /* AppDelegate.swift in Sources */,
				CE811A08292BB95500898B9D /* LoginViewModel.swift in Sources */,
				CE77174528F4DED3007A5FC2 /* NibLoadable.swift in Sources */,
				CEE99A6D28FD7FF5001A3497 /* MovieResponse.swift in Sources */,
				CED23AB529082F8700245CD8 /* Endpoints.swift in Sources */,
				CED06A1A28F632F700F73255 /* Movie.swift in Sources */,
				CE056CDE28EE4B2E00598603 /* SceneDelegate.swift in Sources */,
				CEDCD96328FEE3DB0097BAC5 /* String+Extensions.swift in Sources */,
				CE811A0A292BBBBD00898B9D /* SaveUserUseCase.swift in Sources */,
				CEAE83C5291BF7650005DB3A /* GetMoviesUseCases.swift in Sources */,
				CEAE83C2291BF0B40005DB3A /* UserRepository.swift in Sources */,
				CED23AB329082DD600245CD8 /* AppConfigurations.swift in Sources */,
				CEE310D12902D5EF00C9164F /* ErrorLogger.swift in Sources */,
				CED06A1C28F6380200F73255 /* MoviesListViewModel.swift in Sources */,
				CEB1BD0B29018EFD00602937 /* LoadingScreen.swift in Sources */,
				CE77174228F4D97D007A5FC2 /* MoviesListViewController.swift in Sources */,
				CEE310D32902D66F00C9164F /* NetworkError.swift in Sources */,
				CEAC784B292D13DE00EB3D16 /* UserCacheDataSource.swift in Sources */,
				CE1EF46928F9AA56004D3024 /* NetworkService.swift in Sources */,
				CE77174C28F4E0BE007A5FC2 /* MoviesItemTableViewCell.swift in Sources */,
				CE19DCA2292674A7002067B3 /* LoginViewController.swift in Sources */,
				CEAE83C0291BEFCA0005DB3A /* User.swift in Sources */,
			);
			runOnlyForDeploymentPostprocessing = 0;
		};
		CE056CEA28EE4B3400598603 /* Sources */ = {
			isa = PBXSourcesBuildPhase;
			buildActionMask = 2147483647;
			files = (
				CE24DD99291D4ACF0004310A /* MockUserRepository.swift in Sources */,
				CED11CBD28F85D73002690F9 /* MoviesListViewModelTests.swift in Sources */,
				CEADE48129155252007E4862 /* NetworkServiceTests.swift in Sources */,
				CE5142EC292FBAF90035502B /* MockMoviesRemoteDataSource.swift in Sources */,
				CEAF8D4C2934EAE800870CBB /* MockMoviesCacheDataSource.swift in Sources */,
				CE24DD97291D3F0C0004310A /* GetMoviesUseCaseTest.swift in Sources */,
				CE5142EA292FB6FD0035502B /* MoviesRepositoryTests.swift in Sources */,
				CEAC784D292D154800EB3D16 /* MockUserCacheDataSource.swift in Sources */,
				CE03D08328F8574100FD66E9 /* MockMoviesRepository.swift in Sources */,
				CE811A0E292BC7C800898B9D /* MockSaveUserUseCase.swift in Sources */,
				CE811A0C292BC71500898B9D /* LoginViewModelTests.swift in Sources */,
				CEAD2DE0292FA712005B0403 /* MoviesCacheDataSourceTests.swift in Sources */,
				CE24DD93291D385F0004310A /* MockGetMoviesUseCase.swift in Sources */,
				CEAC7849292D128E00EB3D16 /* UserRepositoryTest.swift in Sources */,
			);
			runOnlyForDeploymentPostprocessing = 0;
		};
		CE88B88E29362A900024C79C /* Sources */ = {
			isa = PBXSourcesBuildPhase;
			buildActionMask = 2147483647;
			files = (
				CE88B89529362A900024C79C /* MoviesAppSnapshotTests.swift in Sources */,
			);
			runOnlyForDeploymentPostprocessing = 0;
		};
/* End PBXSourcesBuildPhase section */

/* Begin PBXTargetDependency section */
		CE056CF028EE4B3400598603 /* PBXTargetDependency */ = {
			isa = PBXTargetDependency;
			target = CE056CD728EE4B2D00598603 /* MoviesApp */;
			targetProxy = CE056CEF28EE4B3400598603 /* PBXContainerItemProxy */;
		};
		CE88B89729362A900024C79C /* PBXTargetDependency */ = {
			isa = PBXTargetDependency;
			target = CE056CD728EE4B2D00598603 /* MoviesApp */;
			targetProxy = CE88B89629362A900024C79C /* PBXContainerItemProxy */;
		};
/* End PBXTargetDependency section */

/* Begin PBXVariantGroup section */
		CE056CE628EE4B3400598603 /* LaunchScreen.storyboard */ = {
			isa = PBXVariantGroup;
			children = (
				CE056CE728EE4B3400598603 /* Base */,
				CEEDAB932906D241003540DE /* pt-BR */,
			);
			name = LaunchScreen.storyboard;
			sourceTree = "<group>";
		};
		CEEDAB962906D26A003540DE /* Localizable.strings */ = {
			isa = PBXVariantGroup;
			children = (
				CEEDAB952906D26A003540DE /* en */,
				CEEDAB972906D270003540DE /* pt-BR */,
			);
			name = Localizable.strings;
			sourceTree = "<group>";
		};
/* End PBXVariantGroup section */

/* Begin XCBuildConfiguration section */
		CE056D0028EE4B3400598603 /* Debug */ = {
			isa = XCBuildConfiguration;
			buildSettings = {
				ALWAYS_SEARCH_USER_PATHS = NO;
				CLANG_ANALYZER_LOCALIZABILITY_NONLOCALIZED = YES;
				CLANG_ANALYZER_NONNULL = YES;
				CLANG_ANALYZER_NUMBER_OBJECT_CONVERSION = YES_AGGRESSIVE;
				CLANG_CXX_LANGUAGE_STANDARD = "gnu++17";
				CLANG_CXX_LIBRARY = "libc++";
				CLANG_ENABLE_MODULES = YES;
				CLANG_ENABLE_OBJC_ARC = YES;
				CLANG_ENABLE_OBJC_WEAK = YES;
				CLANG_WARN_BLOCK_CAPTURE_AUTORELEASING = YES;
				CLANG_WARN_BOOL_CONVERSION = YES;
				CLANG_WARN_COMMA = YES;
				CLANG_WARN_CONSTANT_CONVERSION = YES;
				CLANG_WARN_DEPRECATED_OBJC_IMPLEMENTATIONS = YES;
				CLANG_WARN_DIRECT_OBJC_ISA_USAGE = YES_ERROR;
				CLANG_WARN_DOCUMENTATION_COMMENTS = YES;
				CLANG_WARN_EMPTY_BODY = YES;
				CLANG_WARN_ENUM_CONVERSION = YES;
				CLANG_WARN_INFINITE_RECURSION = YES;
				CLANG_WARN_INT_CONVERSION = YES;
				CLANG_WARN_NON_LITERAL_NULL_CONVERSION = YES;
				CLANG_WARN_OBJC_IMPLICIT_RETAIN_SELF = YES;
				CLANG_WARN_OBJC_LITERAL_CONVERSION = YES;
				CLANG_WARN_OBJC_ROOT_CLASS = YES_ERROR;
				CLANG_WARN_QUOTED_INCLUDE_IN_FRAMEWORK_HEADER = YES;
				CLANG_WARN_RANGE_LOOP_ANALYSIS = YES;
				CLANG_WARN_STRICT_PROTOTYPES = YES;
				CLANG_WARN_SUSPICIOUS_MOVE = YES;
				CLANG_WARN_UNGUARDED_AVAILABILITY = YES_AGGRESSIVE;
				CLANG_WARN_UNREACHABLE_CODE = YES;
				CLANG_WARN__DUPLICATE_METHOD_MATCH = YES;
				COPY_PHASE_STRIP = NO;
				DEBUG_INFORMATION_FORMAT = dwarf;
				ENABLE_STRICT_OBJC_MSGSEND = YES;
				ENABLE_TESTABILITY = YES;
				GCC_C_LANGUAGE_STANDARD = gnu11;
				GCC_DYNAMIC_NO_PIC = NO;
				GCC_NO_COMMON_BLOCKS = YES;
				GCC_OPTIMIZATION_LEVEL = 0;
				GCC_PREPROCESSOR_DEFINITIONS = (
					"DEBUG=1",
					"$(inherited)",
				);
				GCC_WARN_64_TO_32_BIT_CONVERSION = YES;
				GCC_WARN_ABOUT_RETURN_TYPE = YES_ERROR;
				GCC_WARN_UNDECLARED_SELECTOR = YES;
				GCC_WARN_UNINITIALIZED_AUTOS = YES_AGGRESSIVE;
				GCC_WARN_UNUSED_FUNCTION = YES;
				GCC_WARN_UNUSED_VARIABLE = YES;
				IPHONEOS_DEPLOYMENT_TARGET = 15.2;
				MTL_ENABLE_DEBUG_INFO = INCLUDE_SOURCE;
				MTL_FAST_MATH = YES;
				ONLY_ACTIVE_ARCH = YES;
				SDKROOT = iphoneos;
				SWIFT_ACTIVE_COMPILATION_CONDITIONS = DEBUG;
				SWIFT_OPTIMIZATION_LEVEL = "-Onone";
			};
			name = Debug;
		};
		CE056D0128EE4B3400598603 /* Release */ = {
			isa = XCBuildConfiguration;
			buildSettings = {
				ALWAYS_SEARCH_USER_PATHS = NO;
				CLANG_ANALYZER_LOCALIZABILITY_NONLOCALIZED = YES;
				CLANG_ANALYZER_NONNULL = YES;
				CLANG_ANALYZER_NUMBER_OBJECT_CONVERSION = YES_AGGRESSIVE;
				CLANG_CXX_LANGUAGE_STANDARD = "gnu++17";
				CLANG_CXX_LIBRARY = "libc++";
				CLANG_ENABLE_MODULES = YES;
				CLANG_ENABLE_OBJC_ARC = YES;
				CLANG_ENABLE_OBJC_WEAK = YES;
				CLANG_WARN_BLOCK_CAPTURE_AUTORELEASING = YES;
				CLANG_WARN_BOOL_CONVERSION = YES;
				CLANG_WARN_COMMA = YES;
				CLANG_WARN_CONSTANT_CONVERSION = YES;
				CLANG_WARN_DEPRECATED_OBJC_IMPLEMENTATIONS = YES;
				CLANG_WARN_DIRECT_OBJC_ISA_USAGE = YES_ERROR;
				CLANG_WARN_DOCUMENTATION_COMMENTS = YES;
				CLANG_WARN_EMPTY_BODY = YES;
				CLANG_WARN_ENUM_CONVERSION = YES;
				CLANG_WARN_INFINITE_RECURSION = YES;
				CLANG_WARN_INT_CONVERSION = YES;
				CLANG_WARN_NON_LITERAL_NULL_CONVERSION = YES;
				CLANG_WARN_OBJC_IMPLICIT_RETAIN_SELF = YES;
				CLANG_WARN_OBJC_LITERAL_CONVERSION = YES;
				CLANG_WARN_OBJC_ROOT_CLASS = YES_ERROR;
				CLANG_WARN_QUOTED_INCLUDE_IN_FRAMEWORK_HEADER = YES;
				CLANG_WARN_RANGE_LOOP_ANALYSIS = YES;
				CLANG_WARN_STRICT_PROTOTYPES = YES;
				CLANG_WARN_SUSPICIOUS_MOVE = YES;
				CLANG_WARN_UNGUARDED_AVAILABILITY = YES_AGGRESSIVE;
				CLANG_WARN_UNREACHABLE_CODE = YES;
				CLANG_WARN__DUPLICATE_METHOD_MATCH = YES;
				COPY_PHASE_STRIP = NO;
				DEBUG_INFORMATION_FORMAT = "dwarf-with-dsym";
				ENABLE_NS_ASSERTIONS = NO;
				ENABLE_STRICT_OBJC_MSGSEND = YES;
				GCC_C_LANGUAGE_STANDARD = gnu11;
				GCC_NO_COMMON_BLOCKS = YES;
				GCC_WARN_64_TO_32_BIT_CONVERSION = YES;
				GCC_WARN_ABOUT_RETURN_TYPE = YES_ERROR;
				GCC_WARN_UNDECLARED_SELECTOR = YES;
				GCC_WARN_UNINITIALIZED_AUTOS = YES_AGGRESSIVE;
				GCC_WARN_UNUSED_FUNCTION = YES;
				GCC_WARN_UNUSED_VARIABLE = YES;
				IPHONEOS_DEPLOYMENT_TARGET = 15.2;
				MTL_ENABLE_DEBUG_INFO = NO;
				MTL_FAST_MATH = YES;
				SDKROOT = iphoneos;
				SWIFT_COMPILATION_MODE = wholemodule;
				SWIFT_OPTIMIZATION_LEVEL = "-O";
				VALIDATE_PRODUCT = YES;
			};
			name = Release;
		};
		CE056D0328EE4B3400598603 /* Debug */ = {
			isa = XCBuildConfiguration;
			baseConfigurationReference = A043E1D3F577B1FE33BDB697 /* Pods-MoviesApp.debug.xcconfig */;
			buildSettings = {
				ASSETCATALOG_COMPILER_APPICON_NAME = AppIcon;
				ASSETCATALOG_COMPILER_GLOBAL_ACCENT_COLOR_NAME = AccentColor;
				CODE_SIGN_STYLE = Automatic;
				CURRENT_PROJECT_VERSION = 1;
				DEVELOPMENT_TEAM = DUQQTRL9PD;
				GENERATE_INFOPLIST_FILE = YES;
				INFOPLIST_FILE = MoviesApp/Resources/Info.plist;
				INFOPLIST_KEY_UIApplicationSupportsIndirectInputEvents = YES;
				INFOPLIST_KEY_UILaunchStoryboardName = LaunchScreen;
				INFOPLIST_KEY_UISupportedInterfaceOrientations_iPad = "UIInterfaceOrientationPortrait UIInterfaceOrientationPortraitUpsideDown UIInterfaceOrientationLandscapeLeft UIInterfaceOrientationLandscapeRight";
				INFOPLIST_KEY_UISupportedInterfaceOrientations_iPhone = "UIInterfaceOrientationPortrait UIInterfaceOrientationLandscapeLeft UIInterfaceOrientationLandscapeRight";
				LD_RUNPATH_SEARCH_PATHS = (
					"$(inherited)",
					"@executable_path/Frameworks",
				);
				MARKETING_VERSION = 1.0;
				PRODUCT_BUNDLE_IDENTIFIER = com.MoviesApp;
				PRODUCT_NAME = "$(TARGET_NAME)";
				SWIFT_EMIT_LOC_STRINGS = YES;
				SWIFT_VERSION = 5.0;
				TARGETED_DEVICE_FAMILY = "1,2";
			};
			name = Debug;
		};
		CE056D0428EE4B3400598603 /* Release */ = {
			isa = XCBuildConfiguration;
			baseConfigurationReference = 18DE4448FED90A20326A2434 /* Pods-MoviesApp.release.xcconfig */;
			buildSettings = {
				ASSETCATALOG_COMPILER_APPICON_NAME = AppIcon;
				ASSETCATALOG_COMPILER_GLOBAL_ACCENT_COLOR_NAME = AccentColor;
				CODE_SIGN_STYLE = Automatic;
				CURRENT_PROJECT_VERSION = 1;
				DEVELOPMENT_TEAM = DUQQTRL9PD;
				GENERATE_INFOPLIST_FILE = YES;
				INFOPLIST_FILE = MoviesApp/Resources/Info.plist;
				INFOPLIST_KEY_UIApplicationSupportsIndirectInputEvents = YES;
				INFOPLIST_KEY_UILaunchStoryboardName = LaunchScreen;
				INFOPLIST_KEY_UISupportedInterfaceOrientations_iPad = "UIInterfaceOrientationPortrait UIInterfaceOrientationPortraitUpsideDown UIInterfaceOrientationLandscapeLeft UIInterfaceOrientationLandscapeRight";
				INFOPLIST_KEY_UISupportedInterfaceOrientations_iPhone = "UIInterfaceOrientationPortrait UIInterfaceOrientationLandscapeLeft UIInterfaceOrientationLandscapeRight";
				LD_RUNPATH_SEARCH_PATHS = (
					"$(inherited)",
					"@executable_path/Frameworks",
				);
				MARKETING_VERSION = 1.0;
				PRODUCT_BUNDLE_IDENTIFIER = com.MoviesApp;
				PRODUCT_NAME = "$(TARGET_NAME)";
				SWIFT_EMIT_LOC_STRINGS = YES;
				SWIFT_VERSION = 5.0;
				TARGETED_DEVICE_FAMILY = "1,2";
			};
			name = Release;
		};
		CE056D0628EE4B3400598603 /* Debug */ = {
			isa = XCBuildConfiguration;
			baseConfigurationReference = 5E98203B9DAC0C99ABA69DFD /* Pods-MoviesAppTests.debug.xcconfig */;
			buildSettings = {
				ALWAYS_EMBED_SWIFT_STANDARD_LIBRARIES = YES;
				BUNDLE_LOADER = "$(TEST_HOST)";
				CODE_SIGN_STYLE = Automatic;
				CURRENT_PROJECT_VERSION = 1;
				DEVELOPMENT_TEAM = DUQQTRL9PD;
				GENERATE_INFOPLIST_FILE = YES;
				IPHONEOS_DEPLOYMENT_TARGET = 15.2;
				MARKETING_VERSION = 1.0;
				PRODUCT_BUNDLE_IDENTIFIER = com.MoviesAppTests;
				PRODUCT_NAME = "$(TARGET_NAME)";
				SWIFT_EMIT_LOC_STRINGS = NO;
				SWIFT_VERSION = 5.0;
				TARGETED_DEVICE_FAMILY = "1,2";
				TEST_HOST = "$(BUILT_PRODUCTS_DIR)/MoviesApp.app/MoviesApp";
			};
			name = Debug;
		};
		CE056D0728EE4B3400598603 /* Release */ = {
			isa = XCBuildConfiguration;
			baseConfigurationReference = 15D55101A25DE4F029132E36 /* Pods-MoviesAppTests.release.xcconfig */;
			buildSettings = {
				ALWAYS_EMBED_SWIFT_STANDARD_LIBRARIES = YES;
				BUNDLE_LOADER = "$(TEST_HOST)";
				CODE_SIGN_STYLE = Automatic;
				CURRENT_PROJECT_VERSION = 1;
				DEVELOPMENT_TEAM = DUQQTRL9PD;
				GENERATE_INFOPLIST_FILE = YES;
				IPHONEOS_DEPLOYMENT_TARGET = 15.2;
				MARKETING_VERSION = 1.0;
				PRODUCT_BUNDLE_IDENTIFIER = com.MoviesAppTests;
				PRODUCT_NAME = "$(TARGET_NAME)";
				SWIFT_EMIT_LOC_STRINGS = NO;
				SWIFT_VERSION = 5.0;
				TARGETED_DEVICE_FAMILY = "1,2";
				TEST_HOST = "$(BUILT_PRODUCTS_DIR)/MoviesApp.app/MoviesApp";
			};
			name = Release;
		};
		CE88B89829362A900024C79C /* Debug */ = {
			isa = XCBuildConfiguration;
			baseConfigurationReference = A7BC11C1C46005B953E78A93 /* Pods-MoviesAppSnapshotTests.debug.xcconfig */;
			buildSettings = {
				BUNDLE_LOADER = "$(TEST_HOST)";
				CODE_SIGN_STYLE = Automatic;
				CURRENT_PROJECT_VERSION = 1;
				DEVELOPMENT_TEAM = DUQQTRL9PD;
				GENERATE_INFOPLIST_FILE = YES;
				MARKETING_VERSION = 1.0;
				PRODUCT_BUNDLE_IDENTIFIER = com.MoviesAppSnapshotTests;
				PRODUCT_NAME = "$(TARGET_NAME)";
				SWIFT_EMIT_LOC_STRINGS = NO;
				SWIFT_VERSION = 5.0;
				TARGETED_DEVICE_FAMILY = "1,2";
				TEST_HOST = "$(BUILT_PRODUCTS_DIR)/MoviesApp.app/MoviesApp";
			};
			name = Debug;
		};
		CE88B89929362A900024C79C /* Release */ = {
			isa = XCBuildConfiguration;
			baseConfigurationReference = 4B30A4F6884AEBC681761437 /* Pods-MoviesAppSnapshotTests.release.xcconfig */;
			buildSettings = {
				BUNDLE_LOADER = "$(TEST_HOST)";
				CODE_SIGN_STYLE = Automatic;
				CURRENT_PROJECT_VERSION = 1;
				DEVELOPMENT_TEAM = DUQQTRL9PD;
				GENERATE_INFOPLIST_FILE = YES;
				MARKETING_VERSION = 1.0;
				PRODUCT_BUNDLE_IDENTIFIER = com.MoviesAppSnapshotTests;
				PRODUCT_NAME = "$(TARGET_NAME)";
				SWIFT_EMIT_LOC_STRINGS = NO;
				SWIFT_VERSION = 5.0;
				TARGETED_DEVICE_FAMILY = "1,2";
				TEST_HOST = "$(BUILT_PRODUCTS_DIR)/MoviesApp.app/MoviesApp";
			};
			name = Release;
		};
/* End XCBuildConfiguration section */

/* Begin XCConfigurationList section */
		CE056CD328EE4B2D00598603 /* Build configuration list for PBXProject "MoviesApp" */ = {
			isa = XCConfigurationList;
			buildConfigurations = (
				CE056D0028EE4B3400598603 /* Debug */,
				CE056D0128EE4B3400598603 /* Release */,
			);
			defaultConfigurationIsVisible = 0;
			defaultConfigurationName = Release;
		};
		CE056D0228EE4B3400598603 /* Build configuration list for PBXNativeTarget "MoviesApp" */ = {
			isa = XCConfigurationList;
			buildConfigurations = (
				CE056D0328EE4B3400598603 /* Debug */,
				CE056D0428EE4B3400598603 /* Release */,
			);
			defaultConfigurationIsVisible = 0;
			defaultConfigurationName = Release;
		};
		CE056D0528EE4B3400598603 /* Build configuration list for PBXNativeTarget "MoviesAppTests" */ = {
			isa = XCConfigurationList;
			buildConfigurations = (
				CE056D0628EE4B3400598603 /* Debug */,
				CE056D0728EE4B3400598603 /* Release */,
			);
			defaultConfigurationIsVisible = 0;
			defaultConfigurationName = Release;
		};
		CE88B89A29362A900024C79C /* Build configuration list for PBXNativeTarget "MoviesAppSnapshotTests" */ = {
			isa = XCConfigurationList;
			buildConfigurations = (
				CE88B89829362A900024C79C /* Debug */,
				CE88B89929362A900024C79C /* Release */,
			);
			defaultConfigurationIsVisible = 0;
			defaultConfigurationName = Release;
		};
/* End XCConfigurationList section */
	};
	rootObject = CE056CD028EE4B2D00598603 /* Project object */;
}
